
Microsoft Visual Studio Solution File, Format Version 12.00
# Visual Studio Version 17
VisualStudioVersion = 17.0.31903.59
MinimumVisualStudioVersion = 10.0.40219.1
Project("{FAE04EC0-301F-11D3-BF4B-00C04F79EFBC}") = "SpaceDivisor", "SpaceDivisor\SpaceDivisor.csproj", "{92017D60-1917-4B55-9CD2-E2BE3EE38DBE}"
EndProject
Project("{FAE04EC0-301F-11D3-BF4B-00C04F79EFBC}") = "SpaceDivisor.Tests", "SpaceDivisor.Tests\SpaceDivisor.Tests.csproj", "{D4145098-A819-4092-A890-8EA37A026805}"
EndProject
Global
	GlobalSection(SolutionConfigurationPlatforms) = preSolution
		Debug|Any CPU = Debug|Any CPU
		Release|Any CPU = Release|Any CPU
	EndGlobalSection
	GlobalSection(SolutionProperties) = preSolution
		HideSolutionNode = FALSE
	EndGlobalSection
	GlobalSection(ProjectConfigurationPlatforms) = postSolution
		{92017D60-1917-4B55-9CD2-E2BE3EE38DBE}.Debug|Any CPU.ActiveCfg = Debug|Any CPU
		{92017D60-1917-4B55-9CD2-E2BE3EE38DBE}.Debug|Any CPU.Build.0 = Debug|Any CPU
		{92017D60-1917-4B55-9CD2-E2BE3EE38DBE}.Release|Any CPU.ActiveCfg = Release|Any CPU
		{92017D60-1917-4B55-9CD2-E2BE3EE38DBE}.Release|Any CPU.Build.0 = Release|Any CPU
		{D4145098-A819-4092-A890-8EA37A026805}.Debug|Any CPU.ActiveCfg = Debug|Any CPU
		{D4145098-A819-4092-A890-8EA37A026805}.Debug|Any CPU.Build.0 = Debug|Any CPU
		{D4145098-A819-4092-A890-8EA37A026805}.Release|Any CPU.ActiveCfg = Release|Any CPU
		{D4145098-A819-4092-A890-8EA37A026805}.Release|Any CPU.Build.0 = Release|Any CPU
	EndGlobalSection
EndGlobal
